
Microsoft Visual Studio Solution File, Format Version 11.00
# Visual Studio 2010
Project("{FAE04EC0-301F-11D3-BF4B-00C04F79EFBC}") = "SharpGMad", "SharpGMad\SharpGMad.csproj", "{D3953BB9-01D2-43BA-8457-1E4492200EA0}"
EndProject
Global
	GlobalSection(SolutionConfigurationPlatforms) = preSolution
		Debug Mono|x86 = Debug Mono|x86
		Debug Windows|x86 = Debug Windows|x86
		Release Mono|x86 = Release Mono|x86
		Release Windows|x86 = Release Windows|x86
	EndGlobalSection
	GlobalSection(ProjectConfigurationPlatforms) = postSolution
		{D3953BB9-01D2-43BA-8457-1E4492200EA0}.Debug Mono|x86.ActiveCfg = Debug Mono|x86
		{D3953BB9-01D2-43BA-8457-1E4492200EA0}.Debug Mono|x86.Build.0 = Debug Mono|x86
		{D3953BB9-01D2-43BA-8457-1E4492200EA0}.Debug Windows|x86.ActiveCfg = Debug Windows|x86
		{D3953BB9-01D2-43BA-8457-1E4492200EA0}.Debug Windows|x86.Build.0 = Debug Windows|x86
		{D3953BB9-01D2-43BA-8457-1E4492200EA0}.Release Mono|x86.ActiveCfg = Release Mono|x86
		{D3953BB9-01D2-43BA-8457-1E4492200EA0}.Release Mono|x86.Build.0 = Release Mono|x86
		{D3953BB9-01D2-43BA-8457-1E4492200EA0}.Release Windows|x86.ActiveCfg = Release Windows|x86
		{D3953BB9-01D2-43BA-8457-1E4492200EA0}.Release Windows|x86.Build.0 = Release Windows|x86
	EndGlobalSection
	GlobalSection(SolutionProperties) = preSolution
		HideSolutionNode = FALSE
	EndGlobalSection
EndGlobal
